
Microsoft Visual Studio Solution File, Format Version 12.00
# Visual Studio Version 16
VisualStudioVersion = 16.0.29911.84
MinimumVisualStudioVersion = 10.0.40219.1
Project("{FAE04EC0-301F-11D3-BF4B-00C04F79EFBC}") = "ManaOverhaul", "ManaOverhaul.csproj", "{C9AD967D-FF1B-4816-B781-1B8D8EA69EA7}"
EndProject
Global
	GlobalSection(SolutionConfigurationPlatforms) = preSolution
		Debug|Any CPU = Debug|Any CPU
		Release|Any CPU = Release|Any CPU
	EndGlobalSection
	GlobalSection(ProjectConfigurationPlatforms) = postSolution
		{C9AD967D-FF1B-4816-B781-1B8D8EA69EA7}.Debug|Any CPU.ActiveCfg = Debug|Any CPU
		{C9AD967D-FF1B-4816-B781-1B8D8EA69EA7}.Debug|Any CPU.Build.0 = Debug|Any CPU
		{C9AD967D-FF1B-4816-B781-1B8D8EA69EA7}.Release|Any CPU.ActiveCfg = Release|Any CPU
		{C9AD967D-FF1B-4816-B781-1B8D8EA69EA7}.Release|Any CPU.Build.0 = Release|Any CPU
	EndGlobalSection
	GlobalSection(SolutionProperties) = preSolution
		HideSolutionNode = FALSE
	EndGlobalSection
	GlobalSection(ExtensibilityGlobals) = postSolution
		SolutionGuid = {0E946DA9-234C-4CCF-9272-E557B38402F7}
	EndGlobalSection
EndGlobal
